
Microsoft Visual Studio Solution File, Format Version 12.00
# Visual Studio Version 17
VisualStudioVersion = 17.7.34024.191
MinimumVisualStudioVersion = 10.0.40219.1
Project("{8BC9CEB8-8B4A-11D0-8D11-00A0C91BC942}") = "lab oop 23.11.23", "lab oop 23.11.23\lab oop 23.11.23.vcxproj", "{C5DDCBD6-0596-4932-9E1A-89016DD3530A}"
EndProject
Global
	GlobalSection(SolutionConfigurationPlatforms) = preSolution
		Debug|x64 = Debug|x64
		Debug|x86 = Debug|x86
		Release|x64 = Release|x64
		Release|x86 = Release|x86
	EndGlobalSection
	GlobalSection(ProjectConfigurationPlatforms) = postSolution
		{C5DDCBD6-0596-4932-9E1A-89016DD3530A}.Debug|x64.ActiveCfg = Debug|x64
		{C5DDCBD6-0596-4932-9E1A-89016DD3530A}.Debug|x64.Build.0 = Debug|x64
		{C5DDCBD6-0596-4932-9E1A-89016DD3530A}.Debug|x86.ActiveCfg = Debug|Win32
		{C5DDCBD6-0596-4932-9E1A-89016DD3530A}.Debug|x86.Build.0 = Debug|Win32
		{C5DDCBD6-0596-4932-9E1A-89016DD3530A}.Release|x64.ActiveCfg = Release|x64
		{C5DDCBD6-0596-4932-9E1A-89016DD3530A}.Release|x64.Build.0 = Release|x64
		{C5DDCBD6-0596-4932-9E1A-89016DD3530A}.Release|x86.ActiveCfg = Release|Win32
		{C5DDCBD6-0596-4932-9E1A-89016DD3530A}.Release|x86.Build.0 = Release|Win32
	EndGlobalSection
	GlobalSection(SolutionProperties) = preSolution
		HideSolutionNode = FALSE
	EndGlobalSection
	GlobalSection(ExtensibilityGlobals) = postSolution
		SolutionGuid = {6AA447E5-B108-423F-BB2C-1E90E916F403}
	EndGlobalSection
EndGlobal
