
Microsoft Visual Studio Solution File, Format Version 12.00
# Visual Studio Version 17
VisualStudioVersion = 17.7.34024.191
MinimumVisualStudioVersion = 10.0.40219.1
Project("{8BC9CEB8-8B4A-11D0-8D11-00A0C91BC942}") = "lab oop 3 money 01.12.23", "lab oop 3 money 01.12.23\lab oop 3 money 01.12.23.vcxproj", "{AC13B306-27E6-4AAC-8419-40A62FFDC33F}"
EndProject
Global
	GlobalSection(SolutionConfigurationPlatforms) = preSolution
		Debug|x64 = Debug|x64
		Debug|x86 = Debug|x86
		Release|x64 = Release|x64
		Release|x86 = Release|x86
	EndGlobalSection
	GlobalSection(ProjectConfigurationPlatforms) = postSolution
		{AC13B306-27E6-4AAC-8419-40A62FFDC33F}.Debug|x64.ActiveCfg = Debug|x64
		{AC13B306-27E6-4AAC-8419-40A62FFDC33F}.Debug|x64.Build.0 = Debug|x64
		{AC13B306-27E6-4AAC-8419-40A62FFDC33F}.Debug|x86.ActiveCfg = Debug|Win32
		{AC13B306-27E6-4AAC-8419-40A62FFDC33F}.Debug|x86.Build.0 = Debug|Win32
		{AC13B306-27E6-4AAC-8419-40A62FFDC33F}.Release|x64.ActiveCfg = Release|x64
		{AC13B306-27E6-4AAC-8419-40A62FFDC33F}.Release|x64.Build.0 = Release|x64
		{AC13B306-27E6-4AAC-8419-40A62FFDC33F}.Release|x86.ActiveCfg = Release|Win32
		{AC13B306-27E6-4AAC-8419-40A62FFDC33F}.Release|x86.Build.0 = Release|Win32
	EndGlobalSection
	GlobalSection(SolutionProperties) = preSolution
		HideSolutionNode = FALSE
	EndGlobalSection
	GlobalSection(ExtensibilityGlobals) = postSolution
		SolutionGuid = {D44FD4DA-0D43-4FCD-A278-7BDAAFBE110D}
	EndGlobalSection
EndGlobal
